{
    "_readme": [
        "This file locks the dependencies of your project to a known state",
        "Read more about it at https://getcomposer.org/doc/01-basic-usage.md#installing-dependencies",
        "This file is @generated automatically"
    ],
    "content-hash": "9f328bffbf785076f7f7012df652cdf4",
    "packages": [
        {
            "name": "mautic/api-library",
            "version": "3.1.0",
            "source": {
                "type": "git",
                "url": "https://github.com/mautic/api-library.git",
                "reference": "5b0d9051a3a42eea132fa6da35b712e947804d2c"
            },
            "dist": {
                "type": "zip",
                "url": "https://api.github.com/repos/mautic/api-library/zipball/5b0d9051a3a42eea132fa6da35b712e947804d2c",
                "reference": "5b0d9051a3a42eea132fa6da35b712e947804d2c",
                "shasum": ""
            },
            "require": {
                "ext-curl": "*",
                "ext-json": "*",
                "php": ">=7.2.0",
                "psr/log": "~1.0 || ~2.0 || ~3.0"
            },
            "require-dev": {
                "brianium/paratest": "^6.2",
                "friendsofphp/php-cs-fixer": "~2.16.1",
                "kint-php/kint": "^4.1",
                "phpunit/phpunit": "~9.5.0"
            },
            "type": "library",
            "autoload": {
                "psr-4": {
                    "Mautic\\": "lib/"
                }
            },
            "notification-url": "https://packagist.org/downloads/",
            "license": [
                "MIT"
            ],
            "description": "Mautic API Connector Library",
            "support": {
                "issues": "https://github.com/mautic/api-library/issues",
                "source": "https://github.com/mautic/api-library/tree/3.1.0"
            },
            "time": "2022-05-04T13:59:18+00:00"
        }
    ],
    "packages-dev": [],
    "aliases": [],
    "minimum-stability": "stable",
    "stability-flags": {},
    "prefer-stable": false,
    "prefer-lowest": false,
    "platform": {},
    "platform-dev": {},
    "platform-overrides": {
        "php": "8.1.0"
    },
    "plugin-api-version": "2.9.0"
}
